// !$*UTF8*$!
{
	archiveVersion = 1;
	classes = {
	};
	objectVersion = 52;
	objects = {

/* Begin PBXBuildFile section */
		0413E7FB25D06D4D0045C485 /* ContentView.swift in Sources */ = {isa = PBXBuildFile; fileRef = 0413E7D125D06D4C0045C485 /* ContentView.swift */; };
		0413E7FC25D06D4D0045C485 /* ContentView.swift in Sources */ = {isa = PBXBuildFile; fileRef = 0413E7D125D06D4C0045C485 /* ContentView.swift */; };
		0413E7FD25D06D4D0045C485 /* Assets.xcassets in Resources */ = {isa = PBXBuildFile; fileRef = 0413E7D225D06D4D0045C485 /* Assets.xcassets */; };
		0413E7FE25D06D4D0045C485 /* Assets.xcassets in Resources */ = {isa = PBXBuildFile; fileRef = 0413E7D225D06D4D0045C485 /* Assets.xcassets */; };
		0413E81A25D06DB00045C485 /* Weather in Frameworks */ = {isa = PBXBuildFile; productRef = 0413E81925D06DB00045C485 /* Weather */; };
		0413E82925D06E500045C485 /* Weather in Frameworks */ = {isa = PBXBuildFile; productRef = 0413E82825D06E500045C485 /* Weather */; };
		0460090125D6D87B00164CE0 /* Weather+Extensions.swift in Sources */ = {isa = PBXBuildFile; fileRef = 0460090025D6D87B00164CE0 /* Weather+Extensions.swift */; };
		0460090225D6D87B00164CE0 /* Weather+Extensions.swift in Sources */ = {isa = PBXBuildFile; fileRef = 0460090025D6D87B00164CE0 /* Weather+Extensions.swift */; };
		04E02EFF2691F5A90035E7A2 /* ViewModel.swift in Sources */ = {isa = PBXBuildFile; fileRef = 04E02EFE2691F5A90035E7A2 /* ViewModel.swift */; };
		04E02F012691F5F50035E7A2 /* AppDelegate.swift in Sources */ = {isa = PBXBuildFile; fileRef = 04E02F002691F5F50035E7A2 /* AppDelegate.swift */; };
		04E02F052691F6100035E7A2 /* Config.swift in Sources */ = {isa = PBXBuildFile; fileRef = 04E02F042691F6100035E7A2 /* Config.swift */; };
		04E02F082691F7A30035E7A2 /* Weather.swift in Sources */ = {isa = PBXBuildFile; fileRef = 04E02F072691F7A30035E7A2 /* Weather.swift */; };
		04E02F0D2691FB2C0035E7A2 /* AppDelegate.swift in Sources */ = {isa = PBXBuildFile; fileRef = 04E02F092691FB150035E7A2 /* AppDelegate.swift */; };
		04E02F0F2691FBD10035E7A2 /* WeatherApp.swift in Sources */ = {isa = PBXBuildFile; fileRef = 04E02F0E2691FBD10035E7A2 /* WeatherApp.swift */; };
		04E02F102691FBDB0035E7A2 /* WeatherApp.swift in Sources */ = {isa = PBXBuildFile; fileRef = 04E02F0E2691FBD10035E7A2 /* WeatherApp.swift */; };
/* End PBXBuildFile section */

/* Begin PBXFileReference section */
		0413E7D125D06D4C0045C485 /* ContentView.swift */ = {isa = PBXFileReference; lastKnownFileType = sourcecode.swift; path = ContentView.swift; sourceTree = "<group>"; wrapsLines = 1; };
		0413E7D225D06D4D0045C485 /* Assets.xcassets */ = {isa = PBXFileReference; lastKnownFileType = folder.assetcatalog; path = Assets.xcassets; sourceTree = "<group>"; };
		0413E7D725D06D4D0045C485 /* WeatherApp.app */ = {isa = PBXFileReference; explicitFileType = wrapper.application; includeInIndex = 0; path = WeatherApp.app; sourceTree = BUILT_PRODUCTS_DIR; };
		0413E7DA25D06D4D0045C485 /* Info.plist */ = {isa = PBXFileReference; lastKnownFileType = text.plist.xml; path = Info.plist; sourceTree = "<group>"; };
		0413E7DF25D06D4D0045C485 /* WeatherApp.app */ = {isa = PBXFileReference; explicitFileType = wrapper.application; includeInIndex = 0; path = WeatherApp.app; sourceTree = BUILT_PRODUCTS_DIR; };
		0413E7E125D06D4D0045C485 /* Info.plist */ = {isa = PBXFileReference; lastKnownFileType = text.plist.xml; path = Info.plist; sourceTree = "<group>"; };
		0413E7E225D06D4D0045C485 /* macOS.entitlements */ = {isa = PBXFileReference; lastKnownFileType = text.plist.entitlements; path = macOS.entitlements; sourceTree = "<group>"; };
		0460090025D6D87B00164CE0 /* Weather+Extensions.swift */ = {isa = PBXFileReference; lastKnownFileType = sourcecode.swift; path = "Weather+Extensions.swift"; sourceTree = "<group>"; };
		04E02EFE2691F5A90035E7A2 /* ViewModel.swift */ = {isa = PBXFileReference; lastKnownFileType = sourcecode.swift; path = ViewModel.swift; sourceTree = "<group>"; };
		04E02F002691F5F50035E7A2 /* AppDelegate.swift */ = {isa = PBXFileReference; lastKnownFileType = sourcecode.swift; path = AppDelegate.swift; sourceTree = "<group>"; };
		04E02F042691F6100035E7A2 /* Config.swift */ = {isa = PBXFileReference; lastKnownFileType = sourcecode.swift; path = Config.swift; sourceTree = "<group>"; };
		04E02F072691F7A30035E7A2 /* Weather.swift */ = {isa = PBXFileReference; lastKnownFileType = sourcecode.swift; path = Weather.swift; sourceTree = "<group>"; };
		04E02F092691FB150035E7A2 /* AppDelegate.swift */ = {isa = PBXFileReference; lastKnownFileType = sourcecode.swift; path = AppDelegate.swift; sourceTree = "<group>"; };
		04E02F0E2691FBD10035E7A2 /* WeatherApp.swift */ = {isa = PBXFileReference; lastKnownFileType = sourcecode.swift; path = WeatherApp.swift; sourceTree = "<group>"; };
/* End PBXFileReference section */

/* Begin PBXFrameworksBuildPhase section */
		0413E7D425D06D4D0045C485 /* Frameworks */ = {
			isa = PBXFrameworksBuildPhase;
			buildActionMask = 2147483647;
			files = (
				0413E81A25D06DB00045C485 /* Weather in Frameworks */,
			);
			runOnlyForDeploymentPostprocessing = 0;
		};
		0413E7DC25D06D4D0045C485 /* Frameworks */ = {
			isa = PBXFrameworksBuildPhase;
			buildActionMask = 2147483647;
			files = (
				0413E82925D06E500045C485 /* Weather in Frameworks */,
			);
			runOnlyForDeploymentPostprocessing = 0;
		};
/* End PBXFrameworksBuildPhase section */

/* Begin PBXGroup section */
		040CCC4C25D171D1002EC892 /* Views */ = {
			isa = PBXGroup;
			children = (
				0413E7D125D06D4C0045C485 /* ContentView.swift */,
			);
			path = Views;
			sourceTree = "<group>";
		};
		0413E7CA25D06D4C0045C485 = {
			isa = PBXGroup;
			children = (
				0413E84425D081BA0045C485 /* Resources */,
				0413E7CF25D06D4C0045C485 /* Shared */,
				0413E7D925D06D4D0045C485 /* iOS */,
				0413E7E025D06D4D0045C485 /* macOS */,
				0413E7D825D06D4D0045C485 /* Products */,
				0413E82725D06E500045C485 /* Frameworks */,
			);
			sourceTree = "<group>";
		};
		0413E7CF25D06D4C0045C485 /* Shared */ = {
			isa = PBXGroup;
			children = (
				04E02F062691F6290035E7A2 /* App */,
				04E02EFD2691F5950035E7A2 /* ViewModels */,
				04B7786C25D7CBA9001A1194 /* Utility */,
				046BED4D25D2B9DF008C53F3 /* Models */,
				040CCC4C25D171D1002EC892 /* Views */,
			);
			path = Shared;
			sourceTree = "<group>";
		};
		0413E7D825D06D4D0045C485 /* Products */ = {
			isa = PBXGroup;
			children = (
				0413E7D725D06D4D0045C485 /* WeatherApp.app */,
				0413E7DF25D06D4D0045C485 /* WeatherApp.app */,
			);
			name = Products;
			sourceTree = "<group>";
		};
		0413E7D925D06D4D0045C485 /* iOS */ = {
			isa = PBXGroup;
			children = (
				0413E7DA25D06D4D0045C485 /* Info.plist */,
				04E02F002691F5F50035E7A2 /* AppDelegate.swift */,
			);
			path = iOS;
			sourceTree = "<group>";
		};
		0413E7E025D06D4D0045C485 /* macOS */ = {
			isa = PBXGroup;
			children = (
				0413E7E125D06D4D0045C485 /* Info.plist */,
				0413E7E225D06D4D0045C485 /* macOS.entitlements */,
				04E02F092691FB150035E7A2 /* AppDelegate.swift */,
			);
			path = macOS;
			sourceTree = "<group>";
		};
		0413E82725D06E500045C485 /* Frameworks */ = {
			isa = PBXGroup;
			children = (
			);
			name = Frameworks;
			sourceTree = "<group>";
		};
		0413E84425D081BA0045C485 /* Resources */ = {
			isa = PBXGroup;
			children = (
			);
			path = Resources;
			sourceTree = "<group>";
		};
		046BED4D25D2B9DF008C53F3 /* Models */ = {
			isa = PBXGroup;
			children = (
				04E02F072691F7A30035E7A2 /* Weather.swift */,
			);
			path = Models;
			sourceTree = "<group>";
		};
		04B7786C25D7CBA9001A1194 /* Utility */ = {
			isa = PBXGroup;
			children = (
				0460090025D6D87B00164CE0 /* Weather+Extensions.swift */,
			);
			path = Utility;
			sourceTree = "<group>";
		};
		04E02EFD2691F5950035E7A2 /* ViewModels */ = {
			isa = PBXGroup;
			children = (
				04E02EFE2691F5A90035E7A2 /* ViewModel.swift */,
			);
			path = ViewModels;
			sourceTree = "<group>";
		};
		04E02F062691F6290035E7A2 /* App */ = {
			isa = PBXGroup;
			children = (
				04E02F042691F6100035E7A2 /* Config.swift */,
				04E02F0E2691FBD10035E7A2 /* WeatherApp.swift */,
				0413E7D225D06D4D0045C485 /* Assets.xcassets */,
			);
			path = App;
			sourceTree = "<group>";
		};
/* End PBXGroup section */

/* Begin PBXNativeTarget section */
		0413E7D625D06D4D0045C485 /* WeatherApp (iOS) */ = {
			isa = PBXNativeTarget;
			buildConfigurationList = 0413E80125D06D4D0045C485 /* Build configuration list for PBXNativeTarget "WeatherApp (iOS)" */;
			buildPhases = (
				0413E7D325D06D4D0045C485 /* Sources */,
				0413E7D425D06D4D0045C485 /* Frameworks */,
				0413E7D525D06D4D0045C485 /* Resources */,
			);
			buildRules = (
			);
			dependencies = (
			);
			name = "WeatherApp (iOS)";
			packageProductDependencies = (
				0413E81925D06DB00045C485 /* Weather */,
			);
			productName = "WeatherApp (iOS)";
			productReference = 0413E7D725D06D4D0045C485 /* WeatherApp.app */;
			productType = "com.apple.product-type.application";
		};
		0413E7DE25D06D4D0045C485 /* WeatherApp (macOS) */ = {
			isa = PBXNativeTarget;
			buildConfigurationList = 0413E80425D06D4D0045C485 /* Build configuration list for PBXNativeTarget "WeatherApp (macOS)" */;
			buildPhases = (
				0413E7DB25D06D4D0045C485 /* Sources */,
				0413E7DC25D06D4D0045C485 /* Frameworks */,
				0413E7DD25D06D4D0045C485 /* Resources */,
			);
			buildRules = (
			);
			dependencies = (
			);
			name = "WeatherApp (macOS)";
			packageProductDependencies = (
				0413E82825D06E500045C485 /* Weather */,
			);
			productName = "WeatherApp (macOS)";
			productReference = 0413E7DF25D06D4D0045C485 /* WeatherApp.app */;
			productType = "com.apple.product-type.application";
		};
/* End PBXNativeTarget section */

/* Begin PBXProject section */
		0413E7CB25D06D4C0045C485 /* Project object */ = {
			isa = PBXProject;
			attributes = {
				LastSwiftUpdateCheck = 1240;
				LastUpgradeCheck = 1240;
				TargetAttributes = {
					0413E7D625D06D4D0045C485 = {
						CreatedOnToolsVersion = 12.4;
					};
					0413E7DE25D06D4D0045C485 = {
						CreatedOnToolsVersion = 12.4;
					};
				};
			};
			buildConfigurationList = 0413E7CE25D06D4C0045C485 /* Build configuration list for PBXProject "WeatherApp" */;
			compatibilityVersion = "Xcode 9.3";
			developmentRegion = en;
			hasScannedForEncodings = 0;
			knownRegions = (
				en,
				Base,
			);
			mainGroup = 0413E7CA25D06D4C0045C485;
			packageReferences = (
				0413E81825D06DB00045C485 /* XCRemoteSwiftPackageReference "Weather" */,
			);
			productRefGroup = 0413E7D825D06D4D0045C485 /* Products */;
			projectDirPath = "";
			projectRoot = "";
			targets = (
				0413E7D625D06D4D0045C485 /* WeatherApp (iOS) */,
				0413E7DE25D06D4D0045C485 /* WeatherApp (macOS) */,
			);
		};
/* End PBXProject section */

/* Begin PBXResourcesBuildPhase section */
		0413E7D525D06D4D0045C485 /* Resources */ = {
			isa = PBXResourcesBuildPhase;
			buildActionMask = 2147483647;
			files = (
				0413E7FD25D06D4D0045C485 /* Assets.xcassets in Resources */,
			);
			runOnlyForDeploymentPostprocessing = 0;
		};
		0413E7DD25D06D4D0045C485 /* Resources */ = {
			isa = PBXResourcesBuildPhase;
			buildActionMask = 2147483647;
			files = (
				0413E7FE25D06D4D0045C485 /* Assets.xcassets in Resources */,
			);
			runOnlyForDeploymentPostprocessing = 0;
		};
/* End PBXResourcesBuildPhase section */

/* Begin PBXSourcesBuildPhase section */
		0413E7D325D06D4D0045C485 /* Sources */ = {
			isa = PBXSourcesBuildPhase;
			buildActionMask = 2147483647;
			files = (
				04E02F012691F5F50035E7A2 /* AppDelegate.swift in Sources */,
				04E02F0F2691FBD10035E7A2 /* WeatherApp.swift in Sources */,
				0413E7FB25D06D4D0045C485 /* ContentView.swift in Sources */,
				04E02F082691F7A30035E7A2 /* Weather.swift in Sources */,
				0460090125D6D87B00164CE0 /* Weather+Extensions.swift in Sources */,
				04E02F052691F6100035E7A2 /* Config.swift in Sources */,
				04E02EFF2691F5A90035E7A2 /* ViewModel.swift in Sources */,
			);
			runOnlyForDeploymentPostprocessing = 0;
		};
		0413E7DB25D06D4D0045C485 /* Sources */ = {
			isa = PBXSourcesBuildPhase;
			buildActionMask = 2147483647;
			files = (
				04E02F0D2691FB2C0035E7A2 /* AppDelegate.swift in Sources */,
				04E02F102691FBDB0035E7A2 /* WeatherApp.swift in Sources */,
				0413E7FC25D06D4D0045C485 /* ContentView.swift in Sources */,
				0460090225D6D87B00164CE0 /* Weather+Extensions.swift in Sources */,
			);
			runOnlyForDeploymentPostprocessing = 0;
		};
/* End PBXSourcesBuildPhase section */

/* Begin XCBuildConfiguration section */
		0413E7FF25D06D4D0045C485 /* Debug */ = {
			isa = XCBuildConfiguration;
			buildSettings = {
				ALWAYS_SEARCH_USER_PATHS = NO;
				CLANG_ANALYZER_NONNULL = YES;
				CLANG_ANALYZER_NUMBER_OBJECT_CONVERSION = YES_AGGRESSIVE;
				CLANG_CXX_LANGUAGE_STANDARD = "gnu++14";
				CLANG_CXX_LIBRARY = "libc++";
				CLANG_ENABLE_MODULES = YES;
				CLANG_ENABLE_OBJC_ARC = YES;
				CLANG_ENABLE_OBJC_WEAK = YES;
				CLANG_WARN_BLOCK_CAPTURE_AUTORELEASING = YES;
				CLANG_WARN_BOOL_CONVERSION = YES;
				CLANG_WARN_COMMA = YES;
				CLANG_WARN_CONSTANT_CONVERSION = YES;
				CLANG_WARN_DEPRECATED_OBJC_IMPLEMENTATIONS = YES;
				CLANG_WARN_DIRECT_OBJC_ISA_USAGE = YES_ERROR;
				CLANG_WARN_DOCUMENTATION_COMMENTS = YES;
				CLANG_WARN_EMPTY_BODY = YES;
				CLANG_WARN_ENUM_CONVERSION = YES;
				CLANG_WARN_INFINITE_RECURSION = YES;
				CLANG_WARN_INT_CONVERSION = YES;
				CLANG_WARN_NON_LITERAL_NULL_CONVERSION = YES;
				CLANG_WARN_OBJC_IMPLICIT_RETAIN_SELF = YES;
				CLANG_WARN_OBJC_LITERAL_CONVERSION = YES;
				CLANG_WARN_OBJC_ROOT_CLASS = YES_ERROR;
				CLANG_WARN_QUOTED_INCLUDE_IN_FRAMEWORK_HEADER = YES;
				CLANG_WARN_RANGE_LOOP_ANALYSIS = YES;
				CLANG_WARN_STRICT_PROTOTYPES = YES;
				CLANG_WARN_SUSPICIOUS_MOVE = YES;
				CLANG_WARN_UNGUARDED_AVAILABILITY = YES_AGGRESSIVE;
				CLANG_WARN_UNREACHABLE_CODE = YES;
				CLANG_WARN__DUPLICATE_METHOD_MATCH = YES;
				COPY_PHASE_STRIP = NO;
				DEBUG_INFORMATION_FORMAT = dwarf;
				ENABLE_STRICT_OBJC_MSGSEND = YES;
				ENABLE_TESTABILITY = YES;
				GCC_C_LANGUAGE_STANDARD = gnu11;
				GCC_DYNAMIC_NO_PIC = NO;
				GCC_NO_COMMON_BLOCKS = YES;
				GCC_OPTIMIZATION_LEVEL = 0;
				GCC_PREPROCESSOR_DEFINITIONS = (
					"DEBUG=1",
					"$(inherited)",
				);
				GCC_WARN_64_TO_32_BIT_CONVERSION = YES;
				GCC_WARN_ABOUT_RETURN_TYPE = YES_ERROR;
				GCC_WARN_UNDECLARED_SELECTOR = YES;
				GCC_WARN_UNINITIALIZED_AUTOS = YES_AGGRESSIVE;
				GCC_WARN_UNUSED_FUNCTION = YES;
				GCC_WARN_UNUSED_VARIABLE = YES;
				MTL_ENABLE_DEBUG_INFO = INCLUDE_SOURCE;
				MTL_FAST_MATH = YES;
				ONLY_ACTIVE_ARCH = YES;
				SWIFT_ACTIVE_COMPILATION_CONDITIONS = DEBUG;
				SWIFT_OPTIMIZATION_LEVEL = "-Onone";
			};
			name = Debug;
		};
		0413E80025D06D4D0045C485 /* Release */ = {
			isa = XCBuildConfiguration;
			buildSettings = {
				ALWAYS_SEARCH_USER_PATHS = NO;
				CLANG_ANALYZER_NONNULL = YES;
				CLANG_ANALYZER_NUMBER_OBJECT_CONVERSION = YES_AGGRESSIVE;
				CLANG_CXX_LANGUAGE_STANDARD = "gnu++14";
				CLANG_CXX_LIBRARY = "libc++";
				CLANG_ENABLE_MODULES = YES;
				CLANG_ENABLE_OBJC_ARC = YES;
				CLANG_ENABLE_OBJC_WEAK = YES;
				CLANG_WARN_BLOCK_CAPTURE_AUTORELEASING = YES;
				CLANG_WARN_BOOL_CONVERSION = YES;
				CLANG_WARN_COMMA = YES;
				CLANG_WARN_CONSTANT_CONVERSION = YES;
				CLANG_WARN_DEPRECATED_OBJC_IMPLEMENTATIONS = YES;
				CLANG_WARN_DIRECT_OBJC_ISA_USAGE = YES_ERROR;
				CLANG_WARN_DOCUMENTATION_COMMENTS = YES;
				CLANG_WARN_EMPTY_BODY = YES;
				CLANG_WARN_ENUM_CONVERSION = YES;
				CLANG_WARN_INFINITE_RECURSION = YES;
				CLANG_WARN_INT_CONVERSION = YES;
				CLANG_WARN_NON_LITERAL_NULL_CONVERSION = YES;
				CLANG_WARN_OBJC_IMPLICIT_RETAIN_SELF = YES;
				CLANG_WARN_OBJC_LITERAL_CONVERSION = YES;
				CLANG_WARN_OBJC_ROOT_CLASS = YES_ERROR;
				CLANG_WARN_QUOTED_INCLUDE_IN_FRAMEWORK_HEADER = YES;
				CLANG_WARN_RANGE_LOOP_ANALYSIS = YES;
				CLANG_WARN_STRICT_PROTOTYPES = YES;
				CLANG_WARN_SUSPICIOUS_MOVE = YES;
				CLANG_WARN_UNGUARDED_AVAILABILITY = YES_AGGRESSIVE;
				CLANG_WARN_UNREACHABLE_CODE = YES;
				CLANG_WARN__DUPLICATE_METHOD_MATCH = YES;
				COPY_PHASE_STRIP = NO;
				DEBUG_INFORMATION_FORMAT = "dwarf-with-dsym";
				ENABLE_NS_ASSERTIONS = NO;
				ENABLE_STRICT_OBJC_MSGSEND = YES;
				GCC_C_LANGUAGE_STANDARD = gnu11;
				GCC_NO_COMMON_BLOCKS = YES;
				GCC_WARN_64_TO_32_BIT_CONVERSION = YES;
				GCC_WARN_ABOUT_RETURN_TYPE = YES_ERROR;
				GCC_WARN_UNDECLARED_SELECTOR = YES;
				GCC_WARN_UNINITIALIZED_AUTOS = YES_AGGRESSIVE;
				GCC_WARN_UNUSED_FUNCTION = YES;
				GCC_WARN_UNUSED_VARIABLE = YES;
				MTL_ENABLE_DEBUG_INFO = NO;
				MTL_FAST_MATH = YES;
				SWIFT_COMPILATION_MODE = wholemodule;
				SWIFT_OPTIMIZATION_LEVEL = "-O";
			};
			name = Release;
		};
		0413E80225D06D4D0045C485 /* Debug */ = {
			isa = XCBuildConfiguration;
			buildSettings = {
				ASSETCATALOG_COMPILER_APPICON_NAME = AppIcon;
				ASSETCATALOG_COMPILER_GLOBAL_ACCENT_COLOR_NAME = AccentColor;
				CODE_SIGN_IDENTITY = "Apple Development";
				CODE_SIGN_STYLE = Automatic;
				CURRENT_PROJECT_VERSION = 5;
				DEVELOPMENT_TEAM = N685EHW3EW;
				ENABLE_PREVIEWS = YES;
				INFOPLIST_FILE = iOS/Info.plist;
				IPHONEOS_DEPLOYMENT_TARGET = 14.1;
				LD_RUNPATH_SEARCH_PATHS = (
					"$(inherited)",
					"@executable_path/Frameworks",
				);
				PRODUCT_BUNDLE_IDENTIFIER = "se.devmaximilian.weather-app";
				PRODUCT_NAME = WeatherApp;
				PROVISIONING_PROFILE_SPECIFIER = "";
				SDKROOT = iphoneos;
				SWIFT_VERSION = 5.0;
				TARGETED_DEVICE_FAMILY = "1,2";
			};
			name = Debug;
		};
		0413E80325D06D4D0045C485 /* Release */ = {
			isa = XCBuildConfiguration;
			buildSettings = {
				ASSETCATALOG_COMPILER_APPICON_NAME = AppIcon;
				ASSETCATALOG_COMPILER_GLOBAL_ACCENT_COLOR_NAME = AccentColor;
				CODE_SIGN_IDENTITY = "Apple Development";
				CODE_SIGN_STYLE = Automatic;
				CURRENT_PROJECT_VERSION = 5;
				DEVELOPMENT_TEAM = N685EHW3EW;
				ENABLE_PREVIEWS = YES;
				INFOPLIST_FILE = iOS/Info.plist;
				IPHONEOS_DEPLOYMENT_TARGET = 14.1;
				LD_RUNPATH_SEARCH_PATHS = (
					"$(inherited)",
					"@executable_path/Frameworks",
				);
				PRODUCT_BUNDLE_IDENTIFIER = "se.devmaximilian.weather-app";
				PRODUCT_NAME = WeatherApp;
				PROVISIONING_PROFILE_SPECIFIER = "";
				SDKROOT = iphoneos;
				SWIFT_VERSION = 5.0;
				TARGETED_DEVICE_FAMILY = "1,2";
				VALIDATE_PRODUCT = YES;
			};
			name = Release;
		};
		0413E80525D06D4D0045C485 /* Debug */ = {
			isa = XCBuildConfiguration;
			buildSettings = {
				ASSETCATALOG_COMPILER_APPICON_NAME = AppIcon;
				ASSETCATALOG_COMPILER_GLOBAL_ACCENT_COLOR_NAME = AccentColor;
				CODE_SIGN_ENTITLEMENTS = macOS/macOS.entitlements;
				CODE_SIGN_IDENTITY = "Apple Development";
				CODE_SIGN_STYLE = Automatic;
				COMBINE_HIDPI_IMAGES = YES;
				CURRENT_PROJECT_VERSION = 1;
				DEVELOPMENT_TEAM = N685EHW3EW;
				ENABLE_HARDENED_RUNTIME = YES;
				ENABLE_PREVIEWS = YES;
				INFOPLIST_FILE = macOS/Info.plist;
				LD_RUNPATH_SEARCH_PATHS = (
					"$(inherited)",
					"@executable_path/../Frameworks",
				);
				MACOSX_DEPLOYMENT_TARGET = 11.0;
				PRODUCT_BUNDLE_IDENTIFIER = "se.devmaximilian.weather-app";
				PRODUCT_NAME = WeatherApp;
				PROVISIONING_PROFILE_SPECIFIER = "";
				SDKROOT = macosx;
				SWIFT_VERSION = 5.0;
			};
			name = Debug;
		};
		0413E80625D06D4D0045C485 /* Release */ = {
			isa = XCBuildConfiguration;
			buildSettings = {
				ASSETCATALOG_COMPILER_APPICON_NAME = AppIcon;
				ASSETCATALOG_COMPILER_GLOBAL_ACCENT_COLOR_NAME = AccentColor;
				CODE_SIGN_ENTITLEMENTS = macOS/macOS.entitlements;
				CODE_SIGN_IDENTITY = "Apple Development";
				CODE_SIGN_STYLE = Automatic;
				COMBINE_HIDPI_IMAGES = YES;
				CURRENT_PROJECT_VERSION = 1;
				DEVELOPMENT_TEAM = N685EHW3EW;
				ENABLE_HARDENED_RUNTIME = YES;
				ENABLE_PREVIEWS = YES;
				INFOPLIST_FILE = macOS/Info.plist;
				LD_RUNPATH_SEARCH_PATHS = (
					"$(inherited)",
					"@executable_path/../Frameworks",
				);
				MACOSX_DEPLOYMENT_TARGET = 11.0;
				PRODUCT_BUNDLE_IDENTIFIER = "se.devmaximilian.weather-app";
				PRODUCT_NAME = WeatherApp;
				PROVISIONING_PROFILE_SPECIFIER = "";
				SDKROOT = macosx;
				SWIFT_VERSION = 5.0;
			};
			name = Release;
		};
/* End XCBuildConfiguration section */

/* Begin XCConfigurationList section */
		0413E7CE25D06D4C0045C485 /* Build configuration list for PBXProject "WeatherApp" */ = {
			isa = XCConfigurationList;
			buildConfigurations = (
				0413E7FF25D06D4D0045C485 /* Debug */,
				0413E80025D06D4D0045C485 /* Release */,
			);
			defaultConfigurationIsVisible = 0;
			defaultConfigurationName = Release;
		};
		0413E80125D06D4D0045C485 /* Build configuration list for PBXNativeTarget "WeatherApp (iOS)" */ = {
			isa = XCConfigurationList;
			buildConfigurations = (
				0413E80225D06D4D0045C485 /* Debug */,
				0413E80325D06D4D0045C485 /* Release */,
			);
			defaultConfigurationIsVisible = 0;
			defaultConfigurationName = Release;
		};
		0413E80425D06D4D0045C485 /* Build configuration list for PBXNativeTarget "WeatherApp (macOS)" */ = {
			isa = XCConfigurationList;
			buildConfigurations = (
				0413E80525D06D4D0045C485 /* Debug */,
				0413E80625D06D4D0045C485 /* Release */,
			);
			defaultConfigurationIsVisible = 0;
			defaultConfigurationName = Release;
		};
/* End XCConfigurationList section */

/* Begin XCRemoteSwiftPackageReference section */
		0413E81825D06DB00045C485 /* XCRemoteSwiftPackageReference "Weather" */ = {
			isa = XCRemoteSwiftPackageReference;
			repositoryURL = "git@github.com:devmaximilian/Weather.git";
			requirement = {
				kind = upToNextMajorVersion;
				minimumVersion = "1.0.0-rc";
			};
		};
/* End XCRemoteSwiftPackageReference section */

/* Begin XCSwiftPackageProductDependency section */
		0413E81925D06DB00045C485 /* Weather */ = {
			isa = XCSwiftPackageProductDependency;
			package = 0413E81825D06DB00045C485 /* XCRemoteSwiftPackageReference "Weather" */;
			productName = Weather;
		};
		0413E82825D06E500045C485 /* Weather */ = {
			isa = XCSwiftPackageProductDependency;
			package = 0413E81825D06DB00045C485 /* XCRemoteSwiftPackageReference "Weather" */;
			productName = Weather;
		};
/* End XCSwiftPackageProductDependency section */
	};
	rootObject = 0413E7CB25D06D4C0045C485 /* Project object */;
}
