{
  "object": {
    "pins": [
      {
        "package": "Weather",
        "repositoryURL": "git@github.com:devmaximilian/Weather.git",
        "state": {
          "branch": null,
          "revision": "e44b68fded6d874cdb51d107fba9670f0a3ea4e5",
          "version": "1.0.0-rc.8"
        }
      }
    ]
  },
  "version": 1
}
