{
  "object": {
    "pins": [
      {
        "package": "Weather",
        "repositoryURL": "git@github.com:devmaximilian/Weather.git",
        "state": {
          "branch": null,
          "revision": "32986cf7e43fffb22b70d594981ec738b13d1c53",
          "version": "1.0.0-rc.6"
        }
      }
    ]
  },
  "version": 1
}
